
Microsoft Visual Studio Solution File, Format Version 12.00
# Visual Studio 2012
Project("{FAE04EC0-301F-11D3-BF4B-00C04F79EFBC}") = "Problem_AR", "Problem_AR\Problem_AR.csproj", "{66502FAA-E7F9-4CFC-80B8-C306C45E49E1}"
EndProject
Global
	GlobalSection(SolutionConfigurationPlatforms) = preSolution
		Debug|Any CPU = Debug|Any CPU
		Release|Any CPU = Release|Any CPU
	EndGlobalSection
	GlobalSection(ProjectConfigurationPlatforms) = postSolution
		{66502FAA-E7F9-4CFC-80B8-C306C45E49E1}.Debug|Any CPU.ActiveCfg = Debug|Any CPU
		{66502FAA-E7F9-4CFC-80B8-C306C45E49E1}.Debug|Any CPU.Build.0 = Debug|Any CPU
		{66502FAA-E7F9-4CFC-80B8-C306C45E49E1}.Release|Any CPU.ActiveCfg = Release|Any CPU
		{66502FAA-E7F9-4CFC-80B8-C306C45E49E1}.Release|Any CPU.Build.0 = Release|Any CPU
	EndGlobalSection
	GlobalSection(SolutionProperties) = preSolution
		HideSolutionNode = FALSE
	EndGlobalSection
EndGlobal
