
Microsoft Visual Studio Solution File, Format Version 12.00
# Visual Studio 2012
Project("{FAE04EC0-301F-11D3-BF4B-00C04F79EFBC}") = "IEEE.tv Problem", "IEEE.tv Problem\IEEE.tv Problem.csproj", "{60CB6108-F163-4398-AA2E-012DDF5C90AD}"
EndProject
Global
	GlobalSection(SolutionConfigurationPlatforms) = preSolution
		Debug|Any CPU = Debug|Any CPU
		Release|Any CPU = Release|Any CPU
	EndGlobalSection
	GlobalSection(ProjectConfigurationPlatforms) = postSolution
		{60CB6108-F163-4398-AA2E-012DDF5C90AD}.Debug|Any CPU.ActiveCfg = Debug|Any CPU
		{60CB6108-F163-4398-AA2E-012DDF5C90AD}.Debug|Any CPU.Build.0 = Debug|Any CPU
		{60CB6108-F163-4398-AA2E-012DDF5C90AD}.Release|Any CPU.ActiveCfg = Release|Any CPU
		{60CB6108-F163-4398-AA2E-012DDF5C90AD}.Release|Any CPU.Build.0 = Release|Any CPU
	EndGlobalSection
	GlobalSection(SolutionProperties) = preSolution
		HideSolutionNode = FALSE
	EndGlobalSection
EndGlobal
